;; Auto-generated by sigil deps install. Do not edit.
(lock
  (package name: "sigil-stdlib"
           url: "codeberg:sigil/sigil"
           ref: ">=0.22, <1.0"
           sha: "5b494e16de01635a1aa3dbcfac5abffd1acdc2ed"
           package-selector: "sigil-stdlib"
           version: "0.22.2")
  (package name: "sigil-test"
           url: "codeberg:sigil/sigil"
           ref: ">=0.22"
           sha: "5b494e16de01635a1aa3dbcfac5abffd1acdc2ed"
           package-selector: "sigil-test"
           version: "0.22.2")
  (package name: "sigil-test-runner"
           url: "codeberg:sigil/sigil"
           ref: ">=0.22"
           sha: "5b494e16de01635a1aa3dbcfac5abffd1acdc2ed"
           package-selector: "sigil-test-runner"
           version: "0.22.2")
  (package name: "sigil-app"
           url: "codeberg:sigil/sigil-app"
           ref: "^0.9.0"
           sha: "834798443a93ad1774807aaf94b5d5e506597285"
           version: "0.9.0")
  (package name: "sigil-graphics"
           url: "codeberg:sigil/sigil-graphics"
           ref: "^0.11.2"
           sha: "6f1e0996fa3ae9599e0e08c35783281dbedc2b90"
           version: "0.11.2")
  (package name: "sigil-wasm-runtime"
           url: "codeberg:sigil/sigil"
           ref: ">=0.22"
           sha: "5b494e16de01635a1aa3dbcfac5abffd1acdc2ed"
           package-selector: "sigil-wasm-runtime"
           version: "0.22.2")
  (package name: "sigil-lib"
           url: "codeberg:sigil/sigil"
           ref: ">=0.21"
           sha: "5b494e16de01635a1aa3dbcfac5abffd1acdc2ed"
           package-selector: "sigil-lib"
           version: "0.22.2")
  (package name: "sigil-wasm-gles3"
           url: "codeberg:sigil/sigil"
           ref: ">=0.22"
           sha: "5b494e16de01635a1aa3dbcfac5abffd1acdc2ed"
           package-selector: "sigil-wasm-gles3"
           version: "0.22.2")
  (package name: "sigil-browser"
           url: "codeberg:sigil/sigil"
           ref: ">=0.22"
           sha: "5b494e16de01635a1aa3dbcfac5abffd1acdc2ed"
           package-selector: "sigil-browser"
           version: "0.22.2")
  (package name: "sigil-json"
           url: "codeberg:sigil/sigil-json"
           ref: "^0.16.0"
           sha: "55c9e74712b5f79b45d41c65cfe0aef2c8f7e155"
           version: "0.16.0")
  (package name: "sigil-crypto"
           url: "codeberg:sigil/sigil-crypto"
           ref: "^0.16.0"
           sha: "71362137db0596e0695791b32c4f6e8faf11b39e"
           version: "0.16.6")
  (package name: "sigil-sqlite"
           url: "codeberg:sigil/sigil-sqlite"
           ref: "^0.16.0"
           sha: "569ef1063dda8f5989968644af31fc09c64b4bfe"
           version: "0.16.3")
)
